
Microsoft Visual Studio Solution File, Format Version 12.00
# Visual Studio 2013
VisualStudioVersion = 12.0.31101.0
MinimumVisualStudioVersion = 10.0.40219.1
Project("{2150E333-8FDC-42A3-9474-1A3956D46DE8}") = "Win2D.AnimationDemo", "Win2D.AnimationDemo", "{9150DDD3-8EAC-4484-9885-1FB248D9FA90}"
EndProject
Project("{D954291E-2A0B-460D-934E-DC6B0785DB48}") = "Win2D.AnimationDemo.Shared", "Win2D.AnimationDemo\Win2D.AnimationDemo.Shared\Win2D.AnimationDemo.Shared.shproj", "{B48233EA-B408-4A39-8DB8-1974DC3A7497}"
EndProject
Project("{FAE04EC0-301F-11D3-BF4B-00C04F79EFBC}") = "Win2D.AnimationDemo.Windows", "Win2D.AnimationDemo\Win2D.AnimationDemo.Windows\Win2D.AnimationDemo.Windows.csproj", "{C5C52E41-7BBF-452D-B010-20AD104C4710}"
EndProject
Project("{FAE04EC0-301F-11D3-BF4B-00C04F79EFBC}") = "Win2D.AnimationDemo.WindowsPhone", "Win2D.AnimationDemo\Win2D.AnimationDemo.WindowsPhone\Win2D.AnimationDemo.WindowsPhone.csproj", "{0D22B97E-98BE-4DFF-AF4A-314803C83A76}"
EndProject
Global
	GlobalSection(SharedMSBuildProjectFiles) = preSolution
		Win2D.AnimationDemo\Win2D.AnimationDemo.Shared\Win2D.AnimationDemo.Shared.projitems*{c5c52e41-7bbf-452d-b010-20ad104c4710}*SharedItemsImports = 4
		Win2D.AnimationDemo\Win2D.AnimationDemo.Shared\Win2D.AnimationDemo.Shared.projitems*{0d22b97e-98be-4dff-af4a-314803c83a76}*SharedItemsImports = 4
		Win2D.AnimationDemo\Win2D.AnimationDemo.Shared\Win2D.AnimationDemo.Shared.projitems*{b48233ea-b408-4a39-8db8-1974dc3a7497}*SharedItemsImports = 13
	EndGlobalSection
	GlobalSection(SolutionConfigurationPlatforms) = preSolution
		Debug|Any CPU = Debug|Any CPU
		Debug|ARM = Debug|ARM
		Debug|x64 = Debug|x64
		Debug|x86 = Debug|x86
		Release|Any CPU = Release|Any CPU
		Release|ARM = Release|ARM
		Release|x64 = Release|x64
		Release|x86 = Release|x86
	EndGlobalSection
	GlobalSection(ProjectConfigurationPlatforms) = postSolution
		{C5C52E41-7BBF-452D-B010-20AD104C4710}.Debug|Any CPU.ActiveCfg = Debug|Any CPU
		{C5C52E41-7BBF-452D-B010-20AD104C4710}.Debug|Any CPU.Build.0 = Debug|Any CPU
		{C5C52E41-7BBF-452D-B010-20AD104C4710}.Debug|Any CPU.Deploy.0 = Debug|Any CPU
		{C5C52E41-7BBF-452D-B010-20AD104C4710}.Debug|ARM.ActiveCfg = Debug|ARM
		{C5C52E41-7BBF-452D-B010-20AD104C4710}.Debug|ARM.Build.0 = Debug|ARM
		{C5C52E41-7BBF-452D-B010-20AD104C4710}.Debug|ARM.Deploy.0 = Debug|ARM
		{C5C52E41-7BBF-452D-B010-20AD104C4710}.Debug|x64.ActiveCfg = Debug|x64
		{C5C52E41-7BBF-452D-B010-20AD104C4710}.Debug|x64.Build.0 = Debug|x64
		{C5C52E41-7BBF-452D-B010-20AD104C4710}.Debug|x64.Deploy.0 = Debug|x64
		{C5C52E41-7BBF-452D-B010-20AD104C4710}.Debug|x86.ActiveCfg = Debug|x86
		{C5C52E41-7BBF-452D-B010-20AD104C4710}.Debug|x86.Build.0 = Debug|x86
		{C5C52E41-7BBF-452D-B010-20AD104C4710}.Debug|x86.Deploy.0 = Debug|x86
		{C5C52E41-7BBF-452D-B010-20AD104C4710}.Release|Any CPU.ActiveCfg = Release|Any CPU
		{C5C52E41-7BBF-452D-B010-20AD104C4710}.Release|Any CPU.Build.0 = Release|Any CPU
		{C5C52E41-7BBF-452D-B010-20AD104C4710}.Release|Any CPU.Deploy.0 = Release|Any CPU
		{C5C52E41-7BBF-452D-B010-20AD104C4710}.Release|ARM.ActiveCfg = Release|ARM
		{C5C52E41-7BBF-452D-B010-20AD104C4710}.Release|ARM.Build.0 = Release|ARM
		{C5C52E41-7BBF-452D-B010-20AD104C4710}.Release|ARM.Deploy.0 = Release|ARM
		{C5C52E41-7BBF-452D-B010-20AD104C4710}.Release|x64.ActiveCfg = Release|x64
		{C5C52E41-7BBF-452D-B010-20AD104C4710}.Release|x64.Build.0 = Release|x64
		{C5C52E41-7BBF-452D-B010-20AD104C4710}.Release|x64.Deploy.0 = Release|x64
		{C5C52E41-7BBF-452D-B010-20AD104C4710}.Release|x86.ActiveCfg = Release|x86
		{C5C52E41-7BBF-452D-B010-20AD104C4710}.Release|x86.Build.0 = Release|x86
		{C5C52E41-7BBF-452D-B010-20AD104C4710}.Release|x86.Deploy.0 = Release|x86
		{0D22B97E-98BE-4DFF-AF4A-314803C83A76}.Debug|Any CPU.ActiveCfg = Debug|Any CPU
		{0D22B97E-98BE-4DFF-AF4A-314803C83A76}.Debug|Any CPU.Build.0 = Debug|Any CPU
		{0D22B97E-98BE-4DFF-AF4A-314803C83A76}.Debug|Any CPU.Deploy.0 = Debug|Any CPU
		{0D22B97E-98BE-4DFF-AF4A-314803C83A76}.Debug|ARM.ActiveCfg = Debug|ARM
		{0D22B97E-98BE-4DFF-AF4A-314803C83A76}.Debug|ARM.Build.0 = Debug|ARM
		{0D22B97E-98BE-4DFF-AF4A-314803C83A76}.Debug|ARM.Deploy.0 = Debug|ARM
		{0D22B97E-98BE-4DFF-AF4A-314803C83A76}.Debug|x64.ActiveCfg = Debug|Any CPU
		{0D22B97E-98BE-4DFF-AF4A-314803C83A76}.Debug|x86.ActiveCfg = Debug|x86
		{0D22B97E-98BE-4DFF-AF4A-314803C83A76}.Debug|x86.Build.0 = Debug|x86
		{0D22B97E-98BE-4DFF-AF4A-314803C83A76}.Debug|x86.Deploy.0 = Debug|x86
		{0D22B97E-98BE-4DFF-AF4A-314803C83A76}.Release|Any CPU.ActiveCfg = Release|Any CPU
		{0D22B97E-98BE-4DFF-AF4A-314803C83A76}.Release|Any CPU.Build.0 = Release|Any CPU
		{0D22B97E-98BE-4DFF-AF4A-314803C83A76}.Release|Any CPU.Deploy.0 = Release|Any CPU
		{0D22B97E-98BE-4DFF-AF4A-314803C83A76}.Release|ARM.ActiveCfg = Release|ARM
		{0D22B97E-98BE-4DFF-AF4A-314803C83A76}.Release|ARM.Build.0 = Release|ARM
		{0D22B97E-98BE-4DFF-AF4A-314803C83A76}.Release|ARM.Deploy.0 = Release|ARM
		{0D22B97E-98BE-4DFF-AF4A-314803C83A76}.Release|x64.ActiveCfg = Release|Any CPU
		{0D22B97E-98BE-4DFF-AF4A-314803C83A76}.Release|x86.ActiveCfg = Release|x86
		{0D22B97E-98BE-4DFF-AF4A-314803C83A76}.Release|x86.Build.0 = Release|x86
		{0D22B97E-98BE-4DFF-AF4A-314803C83A76}.Release|x86.Deploy.0 = Release|x86
	EndGlobalSection
	GlobalSection(SolutionProperties) = preSolution
		HideSolutionNode = FALSE
	EndGlobalSection
	GlobalSection(NestedProjects) = preSolution
		{B48233EA-B408-4A39-8DB8-1974DC3A7497} = {9150DDD3-8EAC-4484-9885-1FB248D9FA90}
		{C5C52E41-7BBF-452D-B010-20AD104C4710} = {9150DDD3-8EAC-4484-9885-1FB248D9FA90}
		{0D22B97E-98BE-4DFF-AF4A-314803C83A76} = {9150DDD3-8EAC-4484-9885-1FB248D9FA90}
	EndGlobalSection
EndGlobal
